
Microsoft Visual Studio Solution File, Format Version 12.00
# Visual Studio Version 16
VisualStudioVersion = 16.0.30002.166
MinimumVisualStudioVersion = 10.0.40219.1
Project("{8BC9CEB8-8B4A-11D0-8D11-00A0C91BC942}") = "WaveformDraw", "WaveformDraw.vcxproj", "{34A8B884-EE32-45E6-9FB0-20211BB1EAAB}"
EndProject
Global
	GlobalSection(SolutionConfigurationPlatforms) = preSolution
		Debug|x64 = Debug|x64
		Debug|x86 = Debug|x86
		Release|x64 = Release|x64
		Release|x86 = Release|x86
	EndGlobalSection
	GlobalSection(ProjectConfigurationPlatforms) = postSolution
		{34A8B884-EE32-45E6-9FB0-20211BB1EAAB}.Debug|x64.ActiveCfg = Debug|x64
		{34A8B884-EE32-45E6-9FB0-20211BB1EAAB}.Debug|x64.Build.0 = Debug|x64
		{34A8B884-EE32-45E6-9FB0-20211BB1EAAB}.Debug|x86.ActiveCfg = Debug|Win32
		{34A8B884-EE32-45E6-9FB0-20211BB1EAAB}.Debug|x86.Build.0 = Debug|Win32
		{34A8B884-EE32-45E6-9FB0-20211BB1EAAB}.Release|x64.ActiveCfg = Release|x64
		{34A8B884-EE32-45E6-9FB0-20211BB1EAAB}.Release|x64.Build.0 = Release|x64
		{34A8B884-EE32-45E6-9FB0-20211BB1EAAB}.Release|x86.ActiveCfg = Release|Win32
		{34A8B884-EE32-45E6-9FB0-20211BB1EAAB}.Release|x86.Build.0 = Release|Win32
	EndGlobalSection
	GlobalSection(SolutionProperties) = preSolution
		HideSolutionNode = FALSE
	EndGlobalSection
	GlobalSection(ExtensibilityGlobals) = postSolution
		SolutionGuid = {3032D096-5FB0-4E3A-97BD-453ADB3D369C}
	EndGlobalSection
EndGlobal
